
Microsoft Visual Studio Solution File, Format Version 12.00
# Visual Studio Version 17
VisualStudioVersion = 17.7.34018.315
MinimumVisualStudioVersion = 10.0.40219.1
Project("{FAE04EC0-301F-11D3-BF4B-00C04F79EFBC}") = "TestProject1", "TestProject1\TestProject1.csproj", "{005F7616-88A4-4F9D-8E8B-4C2C1A97452E}"
EndProject
Global
	GlobalSection(SolutionConfigurationPlatforms) = preSolution
		Debug|Any CPU = Debug|Any CPU
		Release|Any CPU = Release|Any CPU
	EndGlobalSection
	GlobalSection(ProjectConfigurationPlatforms) = postSolution
		{005F7616-88A4-4F9D-8E8B-4C2C1A97452E}.Debug|Any CPU.ActiveCfg = Debug|Any CPU
		{005F7616-88A4-4F9D-8E8B-4C2C1A97452E}.Debug|Any CPU.Build.0 = Debug|Any CPU
		{005F7616-88A4-4F9D-8E8B-4C2C1A97452E}.Release|Any CPU.ActiveCfg = Release|Any CPU
		{005F7616-88A4-4F9D-8E8B-4C2C1A97452E}.Release|Any CPU.Build.0 = Release|Any CPU
	EndGlobalSection
	GlobalSection(SolutionProperties) = preSolution
		HideSolutionNode = FALSE
	EndGlobalSection
	GlobalSection(ExtensibilityGlobals) = postSolution
		SolutionGuid = {2F8CFACE-9240-4947-A104-8B89F1B42714}
	EndGlobalSection
EndGlobal
